%{
  "elixir_make": {:hex, :elixir_make, "0.8.4", "4960a03ce79081dee8fe119d80ad372c4e7badb84c493cc75983f9d3bc8bde0f", [:mix], [{:castore, "~> 0.1 or ~> 1.0", [hex: :castore, repo: "hexpm", optional: true]}, {:certifi, "~> 2.0", [hex: :certifi, repo: "hexpm", optional: true]}], "hexpm", "6e7f1d619b5f61dfabd0a20aa268e575572b542ac31723293a4c1a567d5ef040"},
}
