%{
  "complex": {:hex, :complex, "0.5.0", "af2d2331ff6170b61bb738695e481b27a66780e18763e066ee2cd863d0b1dd92", [:mix], [], "hexpm", "2683bd3c184466cfb94fad74cbfddfaa94b860e27ad4ca1bffe3bff169d91ef1"},
  "elixir_make": {:hex, :elixir_make, "0.8.4", "4960a03ce79081dee8fe119d80ad372c4e7badb84c493cc75983f9d3bc8bde0f", [:mix], [{:castore, "~> 0.1 or ~> 1.0", [hex: :castore, repo: "hexpm", optional: true]}, {:certifi, "~> 2.0", [hex: :certifi, repo: "hexpm", optional: true]}], "hexpm", "6e7f1d619b5f61dfabd0a20aa268e575572b542ac31723293a4c1a567d5ef040"},
  "nx": {:hex, :nx, "0.7.3", "51ff45d9f9ff58b616f4221fa54ccddda98f30319bb8caaf86695234a469017a", [:mix], [{:complex, "~> 0.5", [hex: :complex, repo: "hexpm", optional: false]}, {:telemetry, "~> 0.4.0 or ~> 1.0", [hex: :telemetry, repo: "hexpm", optional: false]}], "hexpm", "5ff29af84f08db9bda66b8ef7ce92ab583ab4f983629fe00b479f1e5c7c705a6"},
  "telemetry": {:hex, :telemetry, "1.2.1", "68fdfe8d8f05a8428483a97d7aab2f268aaff24b49e0f599faa091f1d4e7f61c", [:rebar3], [], "hexpm", "dad9ce9d8effc621708f99eac538ef1cbe05d6a874dd741de2e689c47feafed5"},
}
